
Microsoft Visual Studio Solution File, Format Version 12.00
# Visual Studio Version 17
VisualStudioVersion = 17.12.35514.174
MinimumVisualStudioVersion = 10.0.40219.1
Project("{FAE04EC0-301F-11D3-BF4B-00C04F79EFBC}") = "1-Oppgave_Konsollapplikasjoner", "1-Oppgave_Konsollapplikasjoner\1-Oppgave_Konsollapplikasjoner.csproj", "{257C973C-D21A-486B-8D14-00BABA96E6C2}"
EndProject
Project("{FAE04EC0-301F-11D3-BF4B-00C04F79EFBC}") = "2-Oppgave_Lag_8_variabler", "2-Oppgave_Lag_8_variabler\2-Oppgave_Lag_8_variabler.csproj", "{87004DCF-1106-4CA4-9AFA-A91EA0900C6F}"
EndProject
Project("{FAE04EC0-301F-11D3-BF4B-00C04F79EFBC}") = "3_Oppgave_3variables", "3_Oppgave_3variables\3_Oppgave_3variables.csproj", "{DBEC1F28-ED0D-4A18-A420-99AA5E8B48AD}"
EndProject
Project("{FAE04EC0-301F-11D3-BF4B-00C04F79EFBC}") = "4-Oppgave_ReturnSum", "4-Oppgave_ReturnSum\4-Oppgave_ReturnSum.csproj", "{61176142-8B70-4E3C-9F0E-ECD611BD1385}"
EndProject
Project("{FAE04EC0-301F-11D3-BF4B-00C04F79EFBC}") = "5_Oppgave_PrintSetningIkkeReturnere", "5_Oppgave_PrintSetningIkkeReturnere\5_Oppgave_PrintSetningIkkeReturnere.csproj", "{B28EC327-DA40-4461-AD82-AA38799BBC0F}"
EndProject
Project("{2150E333-8FDC-42A3-9474-1A3956D46DE8}") = "ParProg", "ParProg", "{608FBAB4-B412-43D8-B24E-6CAACF9E6DBF}"
EndProject
Project("{FAE04EC0-301F-11D3-BF4B-00C04F79EFBC}") = "ParProg1-Gytis_Miguel", "ParProg1-Gytis_Miguel\ParProg1-Gytis_Miguel.csproj", "{81866783-7E01-408B-8B41-C71A8EC851BD}"
EndProject
Project("{FAE04EC0-301F-11D3-BF4B-00C04F79EFBC}") = "ParProg2_Daniel_Kristinan_Gytis1", "ParProg2_Daniel_Kristinan_Gytis1\ParProg2_Daniel_Kristinan_Gytis1.csproj", "{C39B0BFA-37C8-4F51-91E9-033E94221B2E}"
EndProject
Project("{FAE04EC0-301F-11D3-BF4B-00C04F79EFBC}") = "ParProg3_Henrik_Gytis", "ParProg3_Henrik_Gytis\ParProg3_Henrik_Gytis.csproj", "{82996292-5FF3-47BD-A4AA-0FC7AD11A3B5}"
EndProject
Project("{FAE04EC0-301F-11D3-BF4B-00C04F79EFBC}") = "6_Oppgave1_If_Else", "6_Oppgave1_If_Else\6_Oppgave1_If_Else.csproj", "{BE3DA688-E5E4-421F-B09B-E9BFA66BBD13}"
EndProject
Project("{FAE04EC0-301F-11D3-BF4B-00C04F79EFBC}") = "7_Oppgave2_If_Else", "7_Oppgave2_If_Else\7_Oppgave2_If_Else.csproj", "{C8B093E2-9DD5-4642-B54B-53CEFA270D75}"
EndProject
Project("{FAE04EC0-301F-11D3-BF4B-00C04F79EFBC}") = "8_Oppgave3_If_Else", "8_Oppgave3_If_Else\8_Oppgave3_If_Else.csproj", "{9BA3357E-9EB5-44A6-A85C-D84CFD2F9659}"
EndProject
Global
	GlobalSection(SolutionConfigurationPlatforms) = preSolution
		Debug|Any CPU = Debug|Any CPU
		Release|Any CPU = Release|Any CPU
	EndGlobalSection
	GlobalSection(ProjectConfigurationPlatforms) = postSolution
		{257C973C-D21A-486B-8D14-00BABA96E6C2}.Debug|Any CPU.ActiveCfg = Debug|Any CPU
		{257C973C-D21A-486B-8D14-00BABA96E6C2}.Debug|Any CPU.Build.0 = Debug|Any CPU
		{257C973C-D21A-486B-8D14-00BABA96E6C2}.Release|Any CPU.ActiveCfg = Release|Any CPU
		{257C973C-D21A-486B-8D14-00BABA96E6C2}.Release|Any CPU.Build.0 = Release|Any CPU
		{87004DCF-1106-4CA4-9AFA-A91EA0900C6F}.Debug|Any CPU.ActiveCfg = Debug|Any CPU
		{87004DCF-1106-4CA4-9AFA-A91EA0900C6F}.Debug|Any CPU.Build.0 = Debug|Any CPU
		{87004DCF-1106-4CA4-9AFA-A91EA0900C6F}.Release|Any CPU.ActiveCfg = Release|Any CPU
		{87004DCF-1106-4CA4-9AFA-A91EA0900C6F}.Release|Any CPU.Build.0 = Release|Any CPU
		{DBEC1F28-ED0D-4A18-A420-99AA5E8B48AD}.Debug|Any CPU.ActiveCfg = Debug|Any CPU
		{DBEC1F28-ED0D-4A18-A420-99AA5E8B48AD}.Debug|Any CPU.Build.0 = Debug|Any CPU
		{DBEC1F28-ED0D-4A18-A420-99AA5E8B48AD}.Release|Any CPU.ActiveCfg = Release|Any CPU
		{DBEC1F28-ED0D-4A18-A420-99AA5E8B48AD}.Release|Any CPU.Build.0 = Release|Any CPU
		{61176142-8B70-4E3C-9F0E-ECD611BD1385}.Debug|Any CPU.ActiveCfg = Debug|Any CPU
		{61176142-8B70-4E3C-9F0E-ECD611BD1385}.Debug|Any CPU.Build.0 = Debug|Any CPU
		{61176142-8B70-4E3C-9F0E-ECD611BD1385}.Release|Any CPU.ActiveCfg = Release|Any CPU
		{61176142-8B70-4E3C-9F0E-ECD611BD1385}.Release|Any CPU.Build.0 = Release|Any CPU
		{B28EC327-DA40-4461-AD82-AA38799BBC0F}.Debug|Any CPU.ActiveCfg = Debug|Any CPU
		{B28EC327-DA40-4461-AD82-AA38799BBC0F}.Debug|Any CPU.Build.0 = Debug|Any CPU
		{B28EC327-DA40-4461-AD82-AA38799BBC0F}.Release|Any CPU.ActiveCfg = Release|Any CPU
		{B28EC327-DA40-4461-AD82-AA38799BBC0F}.Release|Any CPU.Build.0 = Release|Any CPU
		{81866783-7E01-408B-8B41-C71A8EC851BD}.Debug|Any CPU.ActiveCfg = Debug|Any CPU
		{81866783-7E01-408B-8B41-C71A8EC851BD}.Debug|Any CPU.Build.0 = Debug|Any CPU
		{81866783-7E01-408B-8B41-C71A8EC851BD}.Release|Any CPU.ActiveCfg = Release|Any CPU
		{81866783-7E01-408B-8B41-C71A8EC851BD}.Release|Any CPU.Build.0 = Release|Any CPU
		{C39B0BFA-37C8-4F51-91E9-033E94221B2E}.Debug|Any CPU.ActiveCfg = Debug|Any CPU
		{C39B0BFA-37C8-4F51-91E9-033E94221B2E}.Debug|Any CPU.Build.0 = Debug|Any CPU
		{C39B0BFA-37C8-4F51-91E9-033E94221B2E}.Release|Any CPU.ActiveCfg = Release|Any CPU
		{C39B0BFA-37C8-4F51-91E9-033E94221B2E}.Release|Any CPU.Build.0 = Release|Any CPU
		{82996292-5FF3-47BD-A4AA-0FC7AD11A3B5}.Debug|Any CPU.ActiveCfg = Debug|Any CPU
		{82996292-5FF3-47BD-A4AA-0FC7AD11A3B5}.Debug|Any CPU.Build.0 = Debug|Any CPU
		{82996292-5FF3-47BD-A4AA-0FC7AD11A3B5}.Release|Any CPU.ActiveCfg = Release|Any CPU
		{82996292-5FF3-47BD-A4AA-0FC7AD11A3B5}.Release|Any CPU.Build.0 = Release|Any CPU
		{BE3DA688-E5E4-421F-B09B-E9BFA66BBD13}.Debug|Any CPU.ActiveCfg = Debug|Any CPU
		{BE3DA688-E5E4-421F-B09B-E9BFA66BBD13}.Debug|Any CPU.Build.0 = Debug|Any CPU
		{BE3DA688-E5E4-421F-B09B-E9BFA66BBD13}.Release|Any CPU.ActiveCfg = Release|Any CPU
		{BE3DA688-E5E4-421F-B09B-E9BFA66BBD13}.Release|Any CPU.Build.0 = Release|Any CPU
		{C8B093E2-9DD5-4642-B54B-53CEFA270D75}.Debug|Any CPU.ActiveCfg = Debug|Any CPU
		{C8B093E2-9DD5-4642-B54B-53CEFA270D75}.Debug|Any CPU.Build.0 = Debug|Any CPU
		{C8B093E2-9DD5-4642-B54B-53CEFA270D75}.Release|Any CPU.ActiveCfg = Release|Any CPU
		{C8B093E2-9DD5-4642-B54B-53CEFA270D75}.Release|Any CPU.Build.0 = Release|Any CPU
		{9BA3357E-9EB5-44A6-A85C-D84CFD2F9659}.Debug|Any CPU.ActiveCfg = Debug|Any CPU
		{9BA3357E-9EB5-44A6-A85C-D84CFD2F9659}.Debug|Any CPU.Build.0 = Debug|Any CPU
		{9BA3357E-9EB5-44A6-A85C-D84CFD2F9659}.Release|Any CPU.ActiveCfg = Release|Any CPU
		{9BA3357E-9EB5-44A6-A85C-D84CFD2F9659}.Release|Any CPU.Build.0 = Release|Any CPU
	EndGlobalSection
	GlobalSection(SolutionProperties) = preSolution
		HideSolutionNode = FALSE
	EndGlobalSection
	GlobalSection(NestedProjects) = preSolution
		{81866783-7E01-408B-8B41-C71A8EC851BD} = {608FBAB4-B412-43D8-B24E-6CAACF9E6DBF}
		{C39B0BFA-37C8-4F51-91E9-033E94221B2E} = {608FBAB4-B412-43D8-B24E-6CAACF9E6DBF}
		{82996292-5FF3-47BD-A4AA-0FC7AD11A3B5} = {608FBAB4-B412-43D8-B24E-6CAACF9E6DBF}
	EndGlobalSection
EndGlobal
